// !$*UTF8*$!
{
	archiveVersion = 1;
	classes = {
	};
	objectVersion = 46;
	objects = {

/* Begin PBXBuildFile section */
		445D43121B00E88300FE9423 /* main.m in Sources */ = {isa = PBXBuildFile; fileRef = 445D43111B00E88300FE9423 /* main.m */; };
		445D43151B00E88300FE9423 /* AppDelegate.m in Sources */ = {isa = PBXBuildFile; fileRef = 445D43141B00E88300FE9423 /* AppDelegate.m */; };
		445D43181B00E88300FE9423 /* ViewController.m in Sources */ = {isa = PBXBuildFile; fileRef = 445D43171B00E88300FE9423 /* ViewController.m */; };
		445D431B1B00E88300FE9423 /* Main.storyboard in Resources */ = {isa = PBXBuildFile; fileRef = 445D43191B00E88300FE9423 /* Main.storyboard */; };
		445D431D1B00E88300FE9423 /* Images.xcassets in Resources */ = {isa = PBXBuildFile; fileRef = 445D431C1B00E88300FE9423 /* Images.xcassets */; };
		445D43201B00E88300FE9423 /* LaunchScreen.xib in Resources */ = {isa = PBXBuildFile; fileRef = 445D431E1B00E88300FE9423 /* LaunchScreen.xib */; };
		445D432C1B00E88300FE9423 /* ViewControllerCallTestTests.m in Sources */ = {isa = PBXBuildFile; fileRef = 445D432B1B00E88300FE9423 /* ViewControllerCallTestTests.m */; };
/* End PBXBuildFile section */

/* Begin PBXContainerItemProxy section */
		445D43261B00E88300FE9423 /* PBXContainerItemProxy */ = {
			isa = PBXContainerItemProxy;
			containerPortal = 445D43041B00E88300FE9423 /* Project object */;
			proxyType = 1;
			remoteGlobalIDString = 445D430B1B00E88300FE9423;
			remoteInfo = ViewControllerCallTest;
		};
/* End PBXContainerItemProxy section */

/* Begin PBXFileReference section */
		445D430C1B00E88300FE9423 /* ViewControllerCallTest.app */ = {isa = PBXFileReference; explicitFileType = wrapper.application; includeInIndex = 0; path = ViewControllerCallTest.app; sourceTree = BUILT_PRODUCTS_DIR; };
		445D43101B00E88300FE9423 /* Info.plist */ = {isa = PBXFileReference; lastKnownFileType = text.plist.xml; path = Info.plist; sourceTree = "<group>"; };
		445D43111B00E88300FE9423 /* main.m */ = {isa = PBXFileReference; lastKnownFileType = sourcecode.c.objc; path = main.m; sourceTree = "<group>"; };
		445D43131B00E88300FE9423 /* AppDelegate.h */ = {isa = PBXFileReference; lastKnownFileType = sourcecode.c.h; path = AppDelegate.h; sourceTree = "<group>"; };
		445D43141B00E88300FE9423 /* AppDelegate.m */ = {isa = PBXFileReference; lastKnownFileType = sourcecode.c.objc; path = AppDelegate.m; sourceTree = "<group>"; };
		445D43161B00E88300FE9423 /* ViewController.h */ = {isa = PBXFileReference; lastKnownFileType = sourcecode.c.h; path = ViewController.h; sourceTree = "<group>"; };
		445D43171B00E88300FE9423 /* ViewController.m */ = {isa = PBXFileReference; lastKnownFileType = sourcecode.c.objc; path = ViewController.m; sourceTree = "<group>"; };
		445D431A1B00E88300FE9423 /* Base */ = {isa = PBXFileReference; lastKnownFileType = file.storyboard; name = Base; path = Base.lproj/Main.storyboard; sourceTree = "<group>"; };
		445D431C1B00E88300FE9423 /* Images.xcassets */ = {isa = PBXFileReference; lastKnownFileType = folder.assetcatalog; path = Images.xcassets; sourceTree = "<group>"; };
		445D431F1B00E88300FE9423 /* Base */ = {isa = PBXFileReference; lastKnownFileType = file.xib; name = Base; path = Base.lproj/LaunchScreen.xib; sourceTree = "<group>"; };
		445D43251B00E88300FE9423 /* ViewControllerCallTestTests.xctest */ = {isa = PBXFileReference; explicitFileType = wrapper.cfbundle; includeInIndex = 0; path = ViewControllerCallTestTests.xctest; sourceTree = BUILT_PRODUCTS_DIR; };
		445D432A1B00E88300FE9423 /* Info.plist */ = {isa = PBXFileReference; lastKnownFileType = text.plist.xml; path = Info.plist; sourceTree = "<group>"; };
		445D432B1B00E88300FE9423 /* ViewControllerCallTestTests.m */ = {isa = PBXFileReference; lastKnownFileType = sourcecode.c.objc; path = ViewControllerCallTestTests.m; sourceTree = "<group>"; };
		445D43361B00E91200FE9423 /* Base */ = {isa = PBXFileReference; lastKnownFileType = sourcecode.c.h; name = Base; path = Base.lproj/DetailViewController.h; sourceTree = "<group>"; };
		445D43381B00E91200FE9423 /* Base */ = {isa = PBXFileReference; lastKnownFileType = sourcecode.c.objc; name = Base; path = Base.lproj/DetailViewController.m; sourceTree = "<group>"; };
/* End PBXFileReference section */

/* Begin PBXFrameworksBuildPhase section */
		445D43091B00E88300FE9423 /* Frameworks */ = {
			isa = PBXFrameworksBuildPhase;
			buildActionMask = 2147483647;
			files = (
			);
			runOnlyForDeploymentPostprocessing = 0;
		};
		445D43221B00E88300FE9423 /* Frameworks */ = {
			isa = PBXFrameworksBuildPhase;
			buildActionMask = 2147483647;
			files = (
			);
			runOnlyForDeploymentPostprocessing = 0;
		};
/* End PBXFrameworksBuildPhase section */

/* Begin PBXGroup section */
		445D43031B00E88300FE9423 = {
			isa = PBXGroup;
			children = (
				445D430E1B00E88300FE9423 /* ViewControllerCallTest */,
				445D43281B00E88300FE9423 /* ViewControllerCallTestTests */,
				445D430D1B00E88300FE9423 /* Products */,
			);
			sourceTree = "<group>";
		};
		445D430D1B00E88300FE9423 /* Products */ = {
			isa = PBXGroup;
			children = (
				445D430C1B00E88300FE9423 /* ViewControllerCallTest.app */,
				445D43251B00E88300FE9423 /* ViewControllerCallTestTests.xctest */,
			);
			name = Products;
			sourceTree = "<group>";
		};
		445D430E1B00E88300FE9423 /* ViewControllerCallTest */ = {
			isa = PBXGroup;
			children = (
				445D43131B00E88300FE9423 /* AppDelegate.h */,
				445D43141B00E88300FE9423 /* AppDelegate.m */,
				445D43161B00E88300FE9423 /* ViewController.h */,
				445D43171B00E88300FE9423 /* ViewController.m */,
				445D43191B00E88300FE9423 /* Main.storyboard */,
				445D43351B00E91200FE9423 /* DetailViewController.h */,
				445D43371B00E91200FE9423 /* DetailViewController.m */,
				445D431C1B00E88300FE9423 /* Images.xcassets */,
				445D431E1B00E88300FE9423 /* LaunchScreen.xib */,
				445D430F1B00E88300FE9423 /* Supporting Files */,
			);
			path = ViewControllerCallTest;
			sourceTree = "<group>";
		};
		445D430F1B00E88300FE9423 /* Supporting Files */ = {
			isa = PBXGroup;
			children = (
				445D43101B00E88300FE9423 /* Info.plist */,
				445D43111B00E88300FE9423 /* main.m */,
			);
			name = "Supporting Files";
			sourceTree = "<group>";
		};
		445D43281B00E88300FE9423 /* ViewControllerCallTestTests */ = {
			isa = PBXGroup;
			children = (
				445D432B1B00E88300FE9423 /* ViewControllerCallTestTests.m */,
				445D43291B00E88300FE9423 /* Supporting Files */,
			);
			path = ViewControllerCallTestTests;
			sourceTree = "<group>";
		};
		445D43291B00E88300FE9423 /* Supporting Files */ = {
			isa = PBXGroup;
			children = (
				445D432A1B00E88300FE9423 /* Info.plist */,
			);
			name = "Supporting Files";
			sourceTree = "<group>";
		};
/* End PBXGroup section */

/* Begin PBXNativeTarget section */
		445D430B1B00E88300FE9423 /* ViewControllerCallTest */ = {
			isa = PBXNativeTarget;
			buildConfigurationList = 445D432F1B00E88300FE9423 /* Build configuration list for PBXNativeTarget "ViewControllerCallTest" */;
			buildPhases = (
				445D43081B00E88300FE9423 /* Sources */,
				445D43091B00E88300FE9423 /* Frameworks */,
				445D430A1B00E88300FE9423 /* Resources */,
			);
			buildRules = (
			);
			dependencies = (
			);
			name = ViewControllerCallTest;
			productName = ViewControllerCallTest;
			productReference = 445D430C1B00E88300FE9423 /* ViewControllerCallTest.app */;
			productType = "com.apple.product-type.application";
		};
		445D43241B00E88300FE9423 /* ViewControllerCallTestTests */ = {
			isa = PBXNativeTarget;
			buildConfigurationList = 445D43321B00E88300FE9423 /* Build configuration list for PBXNativeTarget "ViewControllerCallTestTests" */;
			buildPhases = (
				445D43211B00E88300FE9423 /* Sources */,
				445D43221B00E88300FE9423 /* Frameworks */,
				445D43231B00E88300FE9423 /* Resources */,
			);
			buildRules = (
			);
			dependencies = (
				445D43271B00E88300FE9423 /* PBXTargetDependency */,
			);
			name = ViewControllerCallTestTests;
			productName = ViewControllerCallTestTests;
			productReference = 445D43251B00E88300FE9423 /* ViewControllerCallTestTests.xctest */;
			productType = "com.apple.product-type.bundle.unit-test";
		};
/* End PBXNativeTarget section */

/* Begin PBXProject section */
		445D43041B00E88300FE9423 /* Project object */ = {
			isa = PBXProject;
			attributes = {
				LastUpgradeCheck = 0630;
				ORGANIZATIONNAME = anand;
				TargetAttributes = {
					445D430B1B00E88300FE9423 = {
						CreatedOnToolsVersion = 6.3.1;
					};
					445D43241B00E88300FE9423 = {
						CreatedOnToolsVersion = 6.3.1;
						TestTargetID = 445D430B1B00E88300FE9423;
					};
				};
			};
			buildConfigurationList = 445D43071B00E88300FE9423 /* Build configuration list for PBXProject "ViewControllerCallTest" */;
			compatibilityVersion = "Xcode 3.2";
			developmentRegion = English;
			hasScannedForEncodings = 0;
			knownRegions = (
				en,
				Base,
			);
			mainGroup = 445D43031B00E88300FE9423;
			productRefGroup = 445D430D1B00E88300FE9423 /* Products */;
			projectDirPath = "";
			projectRoot = "";
			targets = (
				445D430B1B00E88300FE9423 /* ViewControllerCallTest */,
				445D43241B00E88300FE9423 /* ViewControllerCallTestTests */,
			);
		};
/* End PBXProject section */

/* Begin PBXResourcesBuildPhase section */
		445D430A1B00E88300FE9423 /* Resources */ = {
			isa = PBXResourcesBuildPhase;
			buildActionMask = 2147483647;
			files = (
				445D431B1B00E88300FE9423 /* Main.storyboard in Resources */,
				445D43201B00E88300FE9423 /* LaunchScreen.xib in Resources */,
				445D431D1B00E88300FE9423 /* Images.xcassets in Resources */,
			);
			runOnlyForDeploymentPostprocessing = 0;
		};
		445D43231B00E88300FE9423 /* Resources */ = {
			isa = PBXResourcesBuildPhase;
			buildActionMask = 2147483647;
			files = (
			);
			runOnlyForDeploymentPostprocessing = 0;
		};
/* End PBXResourcesBuildPhase section */

/* Begin PBXSourcesBuildPhase section */
		445D43081B00E88300FE9423 /* Sources */ = {
			isa = PBXSourcesBuildPhase;
			buildActionMask = 2147483647;
			files = (
				445D43181B00E88300FE9423 /* ViewController.m in Sources */,
				445D43151B00E88300FE9423 /* AppDelegate.m in Sources */,
				445D43121B00E88300FE9423 /* main.m in Sources */,
			);
			runOnlyForDeploymentPostprocessing = 0;
		};
		445D43211B00E88300FE9423 /* Sources */ = {
			isa = PBXSourcesBuildPhase;
			buildActionMask = 2147483647;
			files = (
				445D432C1B00E88300FE9423 /* ViewControllerCallTestTests.m in Sources */,
			);
			runOnlyForDeploymentPostprocessing = 0;
		};
/* End PBXSourcesBuildPhase section */

/* Begin PBXTargetDependency section */
		445D43271B00E88300FE9423 /* PBXTargetDependency */ = {
			isa = PBXTargetDependency;
			target = 445D430B1B00E88300FE9423 /* ViewControllerCallTest */;
			targetProxy = 445D43261B00E88300FE9423 /* PBXContainerItemProxy */;
		};
/* End PBXTargetDependency section */

/* Begin PBXVariantGroup section */
		445D43191B00E88300FE9423 /* Main.storyboard */ = {
			isa = PBXVariantGroup;
			children = (
				445D431A1B00E88300FE9423 /* Base */,
			);
			name = Main.storyboard;
			sourceTree = "<group>";
		};
		445D431E1B00E88300FE9423 /* LaunchScreen.xib */ = {
			isa = PBXVariantGroup;
			children = (
				445D431F1B00E88300FE9423 /* Base */,
			);
			name = LaunchScreen.xib;
			sourceTree = "<group>";
		};
		445D43351B00E91200FE9423 /* DetailViewController.h */ = {
			isa = PBXVariantGroup;
			children = (
				445D43361B00E91200FE9423 /* Base */,
			);
			name = DetailViewController.h;
			sourceTree = "<group>";
		};
		445D43371B00E91200FE9423 /* DetailViewController.m */ = {
			isa = PBXVariantGroup;
			children = (
				445D43381B00E91200FE9423 /* Base */,
			);
			name = DetailViewController.m;
			sourceTree = "<group>";
		};
/* End PBXVariantGroup section */

/* Begin XCBuildConfiguration section */
		445D432D1B00E88300FE9423 /* Debug */ = {
			isa = XCBuildConfiguration;
			buildSettings = {
				ALWAYS_SEARCH_USER_PATHS = NO;
				CLANG_CXX_LANGUAGE_STANDARD = "gnu++0x";
				CLANG_CXX_LIBRARY = "libc++";
				CLANG_ENABLE_MODULES = YES;
				CLANG_ENABLE_OBJC_ARC = YES;
				CLANG_WARN_BOOL_CONVERSION = YES;
				CLANG_WARN_CONSTANT_CONVERSION = YES;
				CLANG_WARN_DIRECT_OBJC_ISA_USAGE = YES_ERROR;
				CLANG_WARN_EMPTY_BODY = YES;
				CLANG_WARN_ENUM_CONVERSION = YES;
				CLANG_WARN_INT_CONVERSION = YES;
				CLANG_WARN_OBJC_ROOT_CLASS = YES_ERROR;
				CLANG_WARN_UNREACHABLE_CODE = YES;
				CLANG_WARN__DUPLICATE_METHOD_MATCH = YES;
				"CODE_SIGN_IDENTITY[sdk=iphoneos*]" = "iPhone Developer";
				COPY_PHASE_STRIP = NO;
				DEBUG_INFORMATION_FORMAT = "dwarf-with-dsym";
				ENABLE_STRICT_OBJC_MSGSEND = YES;
				GCC_C_LANGUAGE_STANDARD = gnu99;
				GCC_DYNAMIC_NO_PIC = NO;
				GCC_NO_COMMON_BLOCKS = YES;
				GCC_OPTIMIZATION_LEVEL = 0;
				GCC_PREPROCESSOR_DEFINITIONS = (
					"DEBUG=1",
					"$(inherited)",
				);
				GCC_SYMBOLS_PRIVATE_EXTERN = NO;
				GCC_WARN_64_TO_32_BIT_CONVERSION = YES;
				GCC_WARN_ABOUT_RETURN_TYPE = YES_ERROR;
				GCC_WARN_UNDECLARED_SELECTOR = YES;
				GCC_WARN_UNINITIALIZED_AUTOS = YES_AGGRESSIVE;
				GCC_WARN_UNUSED_FUNCTION = YES;
				GCC_WARN_UNUSED_VARIABLE = YES;
				IPHONEOS_DEPLOYMENT_TARGET = 8.3;
				MTL_ENABLE_DEBUG_INFO = YES;
				ONLY_ACTIVE_ARCH = YES;
				SDKROOT = iphoneos;
			};
			name = Debug;
		};
		445D432E1B00E88300FE9423 /* Release */ = {
			isa = XCBuildConfiguration;
			buildSettings = {
				ALWAYS_SEARCH_USER_PATHS = NO;
				CLANG_CXX_LANGUAGE_STANDARD = "gnu++0x";
				CLANG_CXX_LIBRARY = "libc++";
				CLANG_ENABLE_MODULES = YES;
				CLANG_ENABLE_OBJC_ARC = YES;
				CLANG_WARN_BOOL_CONVERSION = YES;
				CLANG_WARN_CONSTANT_CONVERSION = YES;
				CLANG_WARN_DIRECT_OBJC_ISA_USAGE = YES_ERROR;
				CLANG_WARN_EMPTY_BODY = YES;
				CLANG_WARN_ENUM_CONVERSION = YES;
				CLANG_WARN_INT_CONVERSION = YES;
				CLANG_WARN_OBJC_ROOT_CLASS = YES_ERROR;
				CLANG_WARN_UNREACHABLE_CODE = YES;
				CLANG_WARN__DUPLICATE_METHOD_MATCH = YES;
				"CODE_SIGN_IDENTITY[sdk=iphoneos*]" = "iPhone Developer";
				COPY_PHASE_STRIP = NO;
				DEBUG_INFORMATION_FORMAT = "dwarf-with-dsym";
				ENABLE_NS_ASSERTIONS = NO;
				ENABLE_STRICT_OBJC_MSGSEND = YES;
				GCC_C_LANGUAGE_STANDARD = gnu99;
				GCC_NO_COMMON_BLOCKS = YES;
				GCC_WARN_64_TO_32_BIT_CONVERSION = YES;
				GCC_WARN_ABOUT_RETURN_TYPE = YES_ERROR;
				GCC_WARN_UNDECLARED_SELECTOR = YES;
				GCC_WARN_UNINITIALIZED_AUTOS = YES_AGGRESSIVE;
				GCC_WARN_UNUSED_FUNCTION = YES;
				GCC_WARN_UNUSED_VARIABLE = YES;
				IPHONEOS_DEPLOYMENT_TARGET = 8.3;
				MTL_ENABLE_DEBUG_INFO = NO;
				SDKROOT = iphoneos;
				VALIDATE_PRODUCT = YES;
			};
			name = Release;
		};
		445D43301B00E88300FE9423 /* Debug */ = {
			isa = XCBuildConfiguration;
			buildSettings = {
				ASSETCATALOG_COMPILER_APPICON_NAME = AppIcon;
				INFOPLIST_FILE = ViewControllerCallTest/Info.plist;
				LD_RUNPATH_SEARCH_PATHS = "$(inherited) @executable_path/Frameworks";
				PRODUCT_NAME = "$(TARGET_NAME)";
			};
			name = Debug;
		};
		445D43311B00E88300FE9423 /* Release */ = {
			isa = XCBuildConfiguration;
			buildSettings = {
				ASSETCATALOG_COMPILER_APPICON_NAME = AppIcon;
				INFOPLIST_FILE = ViewControllerCallTest/Info.plist;
				LD_RUNPATH_SEARCH_PATHS = "$(inherited) @executable_path/Frameworks";
				PRODUCT_NAME = "$(TARGET_NAME)";
			};
			name = Release;
		};
		445D43331B00E88300FE9423 /* Debug */ = {
			isa = XCBuildConfiguration;
			buildSettings = {
				BUNDLE_LOADER = "$(TEST_HOST)";
				FRAMEWORK_SEARCH_PATHS = (
					"$(SDKROOT)/Developer/Library/Frameworks",
					"$(inherited)",
				);
				GCC_PREPROCESSOR_DEFINITIONS = (
					"DEBUG=1",
					"$(inherited)",
				);
				INFOPLIST_FILE = ViewControllerCallTestTests/Info.plist;
				LD_RUNPATH_SEARCH_PATHS = "$(inherited) @executable_path/Frameworks @loader_path/Frameworks";
				PRODUCT_NAME = "$(TARGET_NAME)";
				TEST_HOST = "$(BUILT_PRODUCTS_DIR)/ViewControllerCallTest.app/ViewControllerCallTest";
			};
			name = Debug;
		};
		445D43341B00E88300FE9423 /* Release */ = {
			isa = XCBuildConfiguration;
			buildSettings = {
				BUNDLE_LOADER = "$(TEST_HOST)";
				FRAMEWORK_SEARCH_PATHS = (
					"$(SDKROOT)/Developer/Library/Frameworks",
					"$(inherited)",
				);
				INFOPLIST_FILE = ViewControllerCallTestTests/Info.plist;
				LD_RUNPATH_SEARCH_PATHS = "$(inherited) @executable_path/Frameworks @loader_path/Frameworks";
				PRODUCT_NAME = "$(TARGET_NAME)";
				TEST_HOST = "$(BUILT_PRODUCTS_DIR)/ViewControllerCallTest.app/ViewControllerCallTest";
			};
			name = Release;
		};
/* End XCBuildConfiguration section */

/* Begin XCConfigurationList section */
		445D43071B00E88300FE9423 /* Build configuration list for PBXProject "ViewControllerCallTest" */ = {
			isa = XCConfigurationList;
			buildConfigurations = (
				445D432D1B00E88300FE9423 /* Debug */,
				445D432E1B00E88300FE9423 /* Release */,
			);
			defaultConfigurationIsVisible = 0;
			defaultConfigurationName = Release;
		};
		445D432F1B00E88300FE9423 /* Build configuration list for PBXNativeTarget "ViewControllerCallTest" */ = {
			isa = XCConfigurationList;
			buildConfigurations = (
				445D43301B00E88300FE9423 /* Debug */,
				445D43311B00E88300FE9423 /* Release */,
			);
			defaultConfigurationIsVisible = 0;
		};
		445D43321B00E88300FE9423 /* Build configuration list for PBXNativeTarget "ViewControllerCallTestTests" */ = {
			isa = XCConfigurationList;
			buildConfigurations = (
				445D43331B00E88300FE9423 /* Debug */,
				445D43341B00E88300FE9423 /* Release */,
			);
			defaultConfigurationIsVisible = 0;
		};
/* End XCConfigurationList section */
	};
	rootObject = 445D43041B00E88300FE9423 /* Project object */;
}
