// !$*UTF8*$!
{
	archiveVersion = 1;
	classes = {
	};
	objectVersion = 46;
	objects = {

/* Begin PBXBuildFile section */
		445D43CB1B01FFA900FE9423 /* main.m in Sources */ = {isa = PBXBuildFile; fileRef = 445D43CA1B01FFA900FE9423 /* main.m */; };
		445D43CE1B01FFA900FE9423 /* AppDelegate.m in Sources */ = {isa = PBXBuildFile; fileRef = 445D43CD1B01FFA900FE9423 /* AppDelegate.m */; };
		445D43D11B01FFA900FE9423 /* FirstViewController.m in Sources */ = {isa = PBXBuildFile; fileRef = 445D43D01B01FFA900FE9423 /* FirstViewController.m */; };
		445D43D41B01FFA900FE9423 /* SecondViewController.m in Sources */ = {isa = PBXBuildFile; fileRef = 445D43D31B01FFA900FE9423 /* SecondViewController.m */; };
		445D43D71B01FFA900FE9423 /* Main.storyboard in Resources */ = {isa = PBXBuildFile; fileRef = 445D43D51B01FFA900FE9423 /* Main.storyboard */; };
		445D43D91B01FFA900FE9423 /* Images.xcassets in Resources */ = {isa = PBXBuildFile; fileRef = 445D43D81B01FFA900FE9423 /* Images.xcassets */; };
		445D43DC1B01FFA900FE9423 /* LaunchScreen.xib in Resources */ = {isa = PBXBuildFile; fileRef = 445D43DA1B01FFA900FE9423 /* LaunchScreen.xib */; };
		445D43E81B01FFA900FE9423 /* AnimalTabTests.m in Sources */ = {isa = PBXBuildFile; fileRef = 445D43E71B01FFA900FE9423 /* AnimalTabTests.m */; };
		445D43F31B02022200FE9423 /* ThirdViewController.m in Sources */ = {isa = PBXBuildFile; fileRef = 445D43F21B02022200FE9423 /* ThirdViewController.m */; };
		445D43F61B02035500FE9423 /* AnimalModel.m in Sources */ = {isa = PBXBuildFile; fileRef = 445D43F51B02035500FE9423 /* AnimalModel.m */; };
/* End PBXBuildFile section */

/* Begin PBXContainerItemProxy section */
		445D43E21B01FFA900FE9423 /* PBXContainerItemProxy */ = {
			isa = PBXContainerItemProxy;
			containerPortal = 445D43BD1B01FFA900FE9423 /* Project object */;
			proxyType = 1;
			remoteGlobalIDString = 445D43C41B01FFA900FE9423;
			remoteInfo = AnimalTab;
		};
/* End PBXContainerItemProxy section */

/* Begin PBXFileReference section */
		445D43C51B01FFA900FE9423 /* AnimalTab.app */ = {isa = PBXFileReference; explicitFileType = wrapper.application; includeInIndex = 0; path = AnimalTab.app; sourceTree = BUILT_PRODUCTS_DIR; };
		445D43C91B01FFA900FE9423 /* Info.plist */ = {isa = PBXFileReference; lastKnownFileType = text.plist.xml; path = Info.plist; sourceTree = "<group>"; };
		445D43CA1B01FFA900FE9423 /* main.m */ = {isa = PBXFileReference; lastKnownFileType = sourcecode.c.objc; path = main.m; sourceTree = "<group>"; };
		445D43CC1B01FFA900FE9423 /* AppDelegate.h */ = {isa = PBXFileReference; lastKnownFileType = sourcecode.c.h; path = AppDelegate.h; sourceTree = "<group>"; };
		445D43CD1B01FFA900FE9423 /* AppDelegate.m */ = {isa = PBXFileReference; lastKnownFileType = sourcecode.c.objc; path = AppDelegate.m; sourceTree = "<group>"; };
		445D43CF1B01FFA900FE9423 /* FirstViewController.h */ = {isa = PBXFileReference; lastKnownFileType = sourcecode.c.h; path = FirstViewController.h; sourceTree = "<group>"; };
		445D43D01B01FFA900FE9423 /* FirstViewController.m */ = {isa = PBXFileReference; lastKnownFileType = sourcecode.c.objc; path = FirstViewController.m; sourceTree = "<group>"; };
		445D43D21B01FFA900FE9423 /* SecondViewController.h */ = {isa = PBXFileReference; lastKnownFileType = sourcecode.c.h; path = SecondViewController.h; sourceTree = "<group>"; };
		445D43D31B01FFA900FE9423 /* SecondViewController.m */ = {isa = PBXFileReference; lastKnownFileType = sourcecode.c.objc; path = SecondViewController.m; sourceTree = "<group>"; };
		445D43D61B01FFA900FE9423 /* Base */ = {isa = PBXFileReference; lastKnownFileType = file.storyboard; name = Base; path = Base.lproj/Main.storyboard; sourceTree = "<group>"; };
		445D43D81B01FFA900FE9423 /* Images.xcassets */ = {isa = PBXFileReference; lastKnownFileType = folder.assetcatalog; path = Images.xcassets; sourceTree = "<group>"; };
		445D43DB1B01FFA900FE9423 /* Base */ = {isa = PBXFileReference; lastKnownFileType = file.xib; name = Base; path = Base.lproj/LaunchScreen.xib; sourceTree = "<group>"; };
		445D43E11B01FFA900FE9423 /* AnimalTabTests.xctest */ = {isa = PBXFileReference; explicitFileType = wrapper.cfbundle; includeInIndex = 0; path = AnimalTabTests.xctest; sourceTree = BUILT_PRODUCTS_DIR; };
		445D43E61B01FFA900FE9423 /* Info.plist */ = {isa = PBXFileReference; lastKnownFileType = text.plist.xml; path = Info.plist; sourceTree = "<group>"; };
		445D43E71B01FFA900FE9423 /* AnimalTabTests.m */ = {isa = PBXFileReference; lastKnownFileType = sourcecode.c.objc; path = AnimalTabTests.m; sourceTree = "<group>"; };
		445D43F11B02022200FE9423 /* ThirdViewController.h */ = {isa = PBXFileReference; fileEncoding = 4; lastKnownFileType = sourcecode.c.h; path = ThirdViewController.h; sourceTree = "<group>"; };
		445D43F21B02022200FE9423 /* ThirdViewController.m */ = {isa = PBXFileReference; fileEncoding = 4; lastKnownFileType = sourcecode.c.objc; path = ThirdViewController.m; sourceTree = "<group>"; };
		445D43F41B02035500FE9423 /* AnimalModel.h */ = {isa = PBXFileReference; fileEncoding = 4; lastKnownFileType = sourcecode.c.h; path = AnimalModel.h; sourceTree = "<group>"; };
		445D43F51B02035500FE9423 /* AnimalModel.m */ = {isa = PBXFileReference; fileEncoding = 4; lastKnownFileType = sourcecode.c.objc; path = AnimalModel.m; sourceTree = "<group>"; };
/* End PBXFileReference section */

/* Begin PBXFrameworksBuildPhase section */
		445D43C21B01FFA900FE9423 /* Frameworks */ = {
			isa = PBXFrameworksBuildPhase;
			buildActionMask = 2147483647;
			files = (
			);
			runOnlyForDeploymentPostprocessing = 0;
		};
		445D43DE1B01FFA900FE9423 /* Frameworks */ = {
			isa = PBXFrameworksBuildPhase;
			buildActionMask = 2147483647;
			files = (
			);
			runOnlyForDeploymentPostprocessing = 0;
		};
/* End PBXFrameworksBuildPhase section */

/* Begin PBXGroup section */
		445D43BC1B01FFA900FE9423 = {
			isa = PBXGroup;
			children = (
				445D43C71B01FFA900FE9423 /* AnimalTab */,
				445D43E41B01FFA900FE9423 /* AnimalTabTests */,
				445D43C61B01FFA900FE9423 /* Products */,
			);
			sourceTree = "<group>";
		};
		445D43C61B01FFA900FE9423 /* Products */ = {
			isa = PBXGroup;
			children = (
				445D43C51B01FFA900FE9423 /* AnimalTab.app */,
				445D43E11B01FFA900FE9423 /* AnimalTabTests.xctest */,
			);
			name = Products;
			sourceTree = "<group>";
		};
		445D43C71B01FFA900FE9423 /* AnimalTab */ = {
			isa = PBXGroup;
			children = (
				445D43F71B02082600FE9423 /* Model */,
				445D43CC1B01FFA900FE9423 /* AppDelegate.h */,
				445D43CD1B01FFA900FE9423 /* AppDelegate.m */,
				445D43CF1B01FFA900FE9423 /* FirstViewController.h */,
				445D43D01B01FFA900FE9423 /* FirstViewController.m */,
				445D43D21B01FFA900FE9423 /* SecondViewController.h */,
				445D43D31B01FFA900FE9423 /* SecondViewController.m */,
				445D43F11B02022200FE9423 /* ThirdViewController.h */,
				445D43F21B02022200FE9423 /* ThirdViewController.m */,
				445D43D51B01FFA900FE9423 /* Main.storyboard */,
				445D43D81B01FFA900FE9423 /* Images.xcassets */,
				445D43DA1B01FFA900FE9423 /* LaunchScreen.xib */,
				445D43C81B01FFA900FE9423 /* Supporting Files */,
			);
			path = AnimalTab;
			sourceTree = "<group>";
		};
		445D43C81B01FFA900FE9423 /* Supporting Files */ = {
			isa = PBXGroup;
			children = (
				445D43C91B01FFA900FE9423 /* Info.plist */,
				445D43CA1B01FFA900FE9423 /* main.m */,
			);
			name = "Supporting Files";
			sourceTree = "<group>";
		};
		445D43E41B01FFA900FE9423 /* AnimalTabTests */ = {
			isa = PBXGroup;
			children = (
				445D43E71B01FFA900FE9423 /* AnimalTabTests.m */,
				445D43E51B01FFA900FE9423 /* Supporting Files */,
			);
			path = AnimalTabTests;
			sourceTree = "<group>";
		};
		445D43E51B01FFA900FE9423 /* Supporting Files */ = {
			isa = PBXGroup;
			children = (
				445D43E61B01FFA900FE9423 /* Info.plist */,
			);
			name = "Supporting Files";
			sourceTree = "<group>";
		};
		445D43F71B02082600FE9423 /* Model */ = {
			isa = PBXGroup;
			children = (
				445D43F41B02035500FE9423 /* AnimalModel.h */,
				445D43F51B02035500FE9423 /* AnimalModel.m */,
			);
			name = Model;
			sourceTree = "<group>";
		};
/* End PBXGroup section */

/* Begin PBXNativeTarget section */
		445D43C41B01FFA900FE9423 /* AnimalTab */ = {
			isa = PBXNativeTarget;
			buildConfigurationList = 445D43EB1B01FFA900FE9423 /* Build configuration list for PBXNativeTarget "AnimalTab" */;
			buildPhases = (
				445D43C11B01FFA900FE9423 /* Sources */,
				445D43C21B01FFA900FE9423 /* Frameworks */,
				445D43C31B01FFA900FE9423 /* Resources */,
			);
			buildRules = (
			);
			dependencies = (
			);
			name = AnimalTab;
			productName = AnimalTab;
			productReference = 445D43C51B01FFA900FE9423 /* AnimalTab.app */;
			productType = "com.apple.product-type.application";
		};
		445D43E01B01FFA900FE9423 /* AnimalTabTests */ = {
			isa = PBXNativeTarget;
			buildConfigurationList = 445D43EE1B01FFA900FE9423 /* Build configuration list for PBXNativeTarget "AnimalTabTests" */;
			buildPhases = (
				445D43DD1B01FFA900FE9423 /* Sources */,
				445D43DE1B01FFA900FE9423 /* Frameworks */,
				445D43DF1B01FFA900FE9423 /* Resources */,
			);
			buildRules = (
			);
			dependencies = (
				445D43E31B01FFA900FE9423 /* PBXTargetDependency */,
			);
			name = AnimalTabTests;
			productName = AnimalTabTests;
			productReference = 445D43E11B01FFA900FE9423 /* AnimalTabTests.xctest */;
			productType = "com.apple.product-type.bundle.unit-test";
		};
/* End PBXNativeTarget section */

/* Begin PBXProject section */
		445D43BD1B01FFA900FE9423 /* Project object */ = {
			isa = PBXProject;
			attributes = {
				LastUpgradeCheck = 0630;
				ORGANIZATIONNAME = anand;
				TargetAttributes = {
					445D43C41B01FFA900FE9423 = {
						CreatedOnToolsVersion = 6.3.1;
					};
					445D43E01B01FFA900FE9423 = {
						CreatedOnToolsVersion = 6.3.1;
						TestTargetID = 445D43C41B01FFA900FE9423;
					};
				};
			};
			buildConfigurationList = 445D43C01B01FFA900FE9423 /* Build configuration list for PBXProject "AnimalTab" */;
			compatibilityVersion = "Xcode 3.2";
			developmentRegion = English;
			hasScannedForEncodings = 0;
			knownRegions = (
				en,
				Base,
			);
			mainGroup = 445D43BC1B01FFA900FE9423;
			productRefGroup = 445D43C61B01FFA900FE9423 /* Products */;
			projectDirPath = "";
			projectRoot = "";
			targets = (
				445D43C41B01FFA900FE9423 /* AnimalTab */,
				445D43E01B01FFA900FE9423 /* AnimalTabTests */,
			);
		};
/* End PBXProject section */

/* Begin PBXResourcesBuildPhase section */
		445D43C31B01FFA900FE9423 /* Resources */ = {
			isa = PBXResourcesBuildPhase;
			buildActionMask = 2147483647;
			files = (
				445D43D71B01FFA900FE9423 /* Main.storyboard in Resources */,
				445D43DC1B01FFA900FE9423 /* LaunchScreen.xib in Resources */,
				445D43D91B01FFA900FE9423 /* Images.xcassets in Resources */,
			);
			runOnlyForDeploymentPostprocessing = 0;
		};
		445D43DF1B01FFA900FE9423 /* Resources */ = {
			isa = PBXResourcesBuildPhase;
			buildActionMask = 2147483647;
			files = (
			);
			runOnlyForDeploymentPostprocessing = 0;
		};
/* End PBXResourcesBuildPhase section */

/* Begin PBXSourcesBuildPhase section */
		445D43C11B01FFA900FE9423 /* Sources */ = {
			isa = PBXSourcesBuildPhase;
			buildActionMask = 2147483647;
			files = (
				445D43D41B01FFA900FE9423 /* SecondViewController.m in Sources */,
				445D43F61B02035500FE9423 /* AnimalModel.m in Sources */,
				445D43F31B02022200FE9423 /* ThirdViewController.m in Sources */,
				445D43CE1B01FFA900FE9423 /* AppDelegate.m in Sources */,
				445D43D11B01FFA900FE9423 /* FirstViewController.m in Sources */,
				445D43CB1B01FFA900FE9423 /* main.m in Sources */,
			);
			runOnlyForDeploymentPostprocessing = 0;
		};
		445D43DD1B01FFA900FE9423 /* Sources */ = {
			isa = PBXSourcesBuildPhase;
			buildActionMask = 2147483647;
			files = (
				445D43E81B01FFA900FE9423 /* AnimalTabTests.m in Sources */,
			);
			runOnlyForDeploymentPostprocessing = 0;
		};
/* End PBXSourcesBuildPhase section */

/* Begin PBXTargetDependency section */
		445D43E31B01FFA900FE9423 /* PBXTargetDependency */ = {
			isa = PBXTargetDependency;
			target = 445D43C41B01FFA900FE9423 /* AnimalTab */;
			targetProxy = 445D43E21B01FFA900FE9423 /* PBXContainerItemProxy */;
		};
/* End PBXTargetDependency section */

/* Begin PBXVariantGroup section */
		445D43D51B01FFA900FE9423 /* Main.storyboard */ = {
			isa = PBXVariantGroup;
			children = (
				445D43D61B01FFA900FE9423 /* Base */,
			);
			name = Main.storyboard;
			sourceTree = "<group>";
		};
		445D43DA1B01FFA900FE9423 /* LaunchScreen.xib */ = {
			isa = PBXVariantGroup;
			children = (
				445D43DB1B01FFA900FE9423 /* Base */,
			);
			name = LaunchScreen.xib;
			sourceTree = "<group>";
		};
/* End PBXVariantGroup section */

/* Begin XCBuildConfiguration section */
		445D43E91B01FFA900FE9423 /* Debug */ = {
			isa = XCBuildConfiguration;
			buildSettings = {
				ALWAYS_SEARCH_USER_PATHS = NO;
				CLANG_CXX_LANGUAGE_STANDARD = "gnu++0x";
				CLANG_CXX_LIBRARY = "libc++";
				CLANG_ENABLE_MODULES = YES;
				CLANG_ENABLE_OBJC_ARC = YES;
				CLANG_WARN_BOOL_CONVERSION = YES;
				CLANG_WARN_CONSTANT_CONVERSION = YES;
				CLANG_WARN_DIRECT_OBJC_ISA_USAGE = YES_ERROR;
				CLANG_WARN_EMPTY_BODY = YES;
				CLANG_WARN_ENUM_CONVERSION = YES;
				CLANG_WARN_INT_CONVERSION = YES;
				CLANG_WARN_OBJC_ROOT_CLASS = YES_ERROR;
				CLANG_WARN_UNREACHABLE_CODE = YES;
				CLANG_WARN__DUPLICATE_METHOD_MATCH = YES;
				"CODE_SIGN_IDENTITY[sdk=iphoneos*]" = "iPhone Developer";
				COPY_PHASE_STRIP = NO;
				DEBUG_INFORMATION_FORMAT = "dwarf-with-dsym";
				ENABLE_STRICT_OBJC_MSGSEND = YES;
				GCC_C_LANGUAGE_STANDARD = gnu99;
				GCC_DYNAMIC_NO_PIC = NO;
				GCC_NO_COMMON_BLOCKS = YES;
				GCC_OPTIMIZATION_LEVEL = 0;
				GCC_PREPROCESSOR_DEFINITIONS = (
					"DEBUG=1",
					"$(inherited)",
				);
				GCC_SYMBOLS_PRIVATE_EXTERN = NO;
				GCC_WARN_64_TO_32_BIT_CONVERSION = YES;
				GCC_WARN_ABOUT_RETURN_TYPE = YES_ERROR;
				GCC_WARN_UNDECLARED_SELECTOR = YES;
				GCC_WARN_UNINITIALIZED_AUTOS = YES_AGGRESSIVE;
				GCC_WARN_UNUSED_FUNCTION = YES;
				GCC_WARN_UNUSED_VARIABLE = YES;
				IPHONEOS_DEPLOYMENT_TARGET = 8.3;
				MTL_ENABLE_DEBUG_INFO = YES;
				ONLY_ACTIVE_ARCH = YES;
				SDKROOT = iphoneos;
			};
			name = Debug;
		};
		445D43EA1B01FFA900FE9423 /* Release */ = {
			isa = XCBuildConfiguration;
			buildSettings = {
				ALWAYS_SEARCH_USER_PATHS = NO;
				CLANG_CXX_LANGUAGE_STANDARD = "gnu++0x";
				CLANG_CXX_LIBRARY = "libc++";
				CLANG_ENABLE_MODULES = YES;
				CLANG_ENABLE_OBJC_ARC = YES;
				CLANG_WARN_BOOL_CONVERSION = YES;
				CLANG_WARN_CONSTANT_CONVERSION = YES;
				CLANG_WARN_DIRECT_OBJC_ISA_USAGE = YES_ERROR;
				CLANG_WARN_EMPTY_BODY = YES;
				CLANG_WARN_ENUM_CONVERSION = YES;
				CLANG_WARN_INT_CONVERSION = YES;
				CLANG_WARN_OBJC_ROOT_CLASS = YES_ERROR;
				CLANG_WARN_UNREACHABLE_CODE = YES;
				CLANG_WARN__DUPLICATE_METHOD_MATCH = YES;
				"CODE_SIGN_IDENTITY[sdk=iphoneos*]" = "iPhone Developer";
				COPY_PHASE_STRIP = NO;
				DEBUG_INFORMATION_FORMAT = "dwarf-with-dsym";
				ENABLE_NS_ASSERTIONS = NO;
				ENABLE_STRICT_OBJC_MSGSEND = YES;
				GCC_C_LANGUAGE_STANDARD = gnu99;
				GCC_NO_COMMON_BLOCKS = YES;
				GCC_WARN_64_TO_32_BIT_CONVERSION = YES;
				GCC_WARN_ABOUT_RETURN_TYPE = YES_ERROR;
				GCC_WARN_UNDECLARED_SELECTOR = YES;
				GCC_WARN_UNINITIALIZED_AUTOS = YES_AGGRESSIVE;
				GCC_WARN_UNUSED_FUNCTION = YES;
				GCC_WARN_UNUSED_VARIABLE = YES;
				IPHONEOS_DEPLOYMENT_TARGET = 8.3;
				MTL_ENABLE_DEBUG_INFO = NO;
				SDKROOT = iphoneos;
				VALIDATE_PRODUCT = YES;
			};
			name = Release;
		};
		445D43EC1B01FFA900FE9423 /* Debug */ = {
			isa = XCBuildConfiguration;
			buildSettings = {
				ASSETCATALOG_COMPILER_APPICON_NAME = AppIcon;
				INFOPLIST_FILE = AnimalTab/Info.plist;
				LD_RUNPATH_SEARCH_PATHS = "$(inherited) @executable_path/Frameworks";
				PRODUCT_NAME = "$(TARGET_NAME)";
			};
			name = Debug;
		};
		445D43ED1B01FFA900FE9423 /* Release */ = {
			isa = XCBuildConfiguration;
			buildSettings = {
				ASSETCATALOG_COMPILER_APPICON_NAME = AppIcon;
				INFOPLIST_FILE = AnimalTab/Info.plist;
				LD_RUNPATH_SEARCH_PATHS = "$(inherited) @executable_path/Frameworks";
				PRODUCT_NAME = "$(TARGET_NAME)";
			};
			name = Release;
		};
		445D43EF1B01FFA900FE9423 /* Debug */ = {
			isa = XCBuildConfiguration;
			buildSettings = {
				BUNDLE_LOADER = "$(TEST_HOST)";
				FRAMEWORK_SEARCH_PATHS = (
					"$(SDKROOT)/Developer/Library/Frameworks",
					"$(inherited)",
				);
				GCC_PREPROCESSOR_DEFINITIONS = (
					"DEBUG=1",
					"$(inherited)",
				);
				INFOPLIST_FILE = AnimalTabTests/Info.plist;
				LD_RUNPATH_SEARCH_PATHS = "$(inherited) @executable_path/Frameworks @loader_path/Frameworks";
				PRODUCT_NAME = "$(TARGET_NAME)";
				TEST_HOST = "$(BUILT_PRODUCTS_DIR)/AnimalTab.app/AnimalTab";
			};
			name = Debug;
		};
		445D43F01B01FFA900FE9423 /* Release */ = {
			isa = XCBuildConfiguration;
			buildSettings = {
				BUNDLE_LOADER = "$(TEST_HOST)";
				FRAMEWORK_SEARCH_PATHS = (
					"$(SDKROOT)/Developer/Library/Frameworks",
					"$(inherited)",
				);
				INFOPLIST_FILE = AnimalTabTests/Info.plist;
				LD_RUNPATH_SEARCH_PATHS = "$(inherited) @executable_path/Frameworks @loader_path/Frameworks";
				PRODUCT_NAME = "$(TARGET_NAME)";
				TEST_HOST = "$(BUILT_PRODUCTS_DIR)/AnimalTab.app/AnimalTab";
			};
			name = Release;
		};
/* End XCBuildConfiguration section */

/* Begin XCConfigurationList section */
		445D43C01B01FFA900FE9423 /* Build configuration list for PBXProject "AnimalTab" */ = {
			isa = XCConfigurationList;
			buildConfigurations = (
				445D43E91B01FFA900FE9423 /* Debug */,
				445D43EA1B01FFA900FE9423 /* Release */,
			);
			defaultConfigurationIsVisible = 0;
			defaultConfigurationName = Release;
		};
		445D43EB1B01FFA900FE9423 /* Build configuration list for PBXNativeTarget "AnimalTab" */ = {
			isa = XCConfigurationList;
			buildConfigurations = (
				445D43EC1B01FFA900FE9423 /* Debug */,
				445D43ED1B01FFA900FE9423 /* Release */,
			);
			defaultConfigurationIsVisible = 0;
		};
		445D43EE1B01FFA900FE9423 /* Build configuration list for PBXNativeTarget "AnimalTabTests" */ = {
			isa = XCConfigurationList;
			buildConfigurations = (
				445D43EF1B01FFA900FE9423 /* Debug */,
				445D43F01B01FFA900FE9423 /* Release */,
			);
			defaultConfigurationIsVisible = 0;
		};
/* End XCConfigurationList section */
	};
	rootObject = 445D43BD1B01FFA900FE9423 /* Project object */;
}
