// !$*UTF8*$!
{
	archiveVersion = 1;
	classes = {
	};
	objectVersion = 46;
	objects = {

/* Begin PBXBuildFile section */
		445D44811B03818A00FE9423 /* main.m in Sources */ = {isa = PBXBuildFile; fileRef = 445D44801B03818A00FE9423 /* main.m */; };
		445D44841B03818A00FE9423 /* AppDelegate.m in Sources */ = {isa = PBXBuildFile; fileRef = 445D44831B03818A00FE9423 /* AppDelegate.m */; };
		445D44871B03818A00FE9423 /* ViewController.m in Sources */ = {isa = PBXBuildFile; fileRef = 445D44861B03818A00FE9423 /* ViewController.m */; };
		445D448A1B03818A00FE9423 /* Main.storyboard in Resources */ = {isa = PBXBuildFile; fileRef = 445D44881B03818A00FE9423 /* Main.storyboard */; };
		445D448C1B03818A00FE9423 /* Images.xcassets in Resources */ = {isa = PBXBuildFile; fileRef = 445D448B1B03818A00FE9423 /* Images.xcassets */; };
		445D448F1B03818A00FE9423 /* LaunchScreen.xib in Resources */ = {isa = PBXBuildFile; fileRef = 445D448D1B03818A00FE9423 /* LaunchScreen.xib */; };
		445D449B1B03818A00FE9423 /* TableMasterTests.m in Sources */ = {isa = PBXBuildFile; fileRef = 445D449A1B03818A00FE9423 /* TableMasterTests.m */; };
		445D44D71B039C5800FE9423 /* Simpsons.plist in Resources */ = {isa = PBXBuildFile; fileRef = 445D44D61B039C5800FE9423 /* Simpsons.plist */; };
		445D44DA1B039D3000FE9423 /* Simpson.m in Sources */ = {isa = PBXBuildFile; fileRef = 445D44D91B039D3000FE9423 /* Simpson.m */; };
		445D44DD1B03A80C00FE9423 /* PhotoViewController.m in Sources */ = {isa = PBXBuildFile; fileRef = 445D44DC1B03A80C00FE9423 /* PhotoViewController.m */; };
/* End PBXBuildFile section */

/* Begin PBXContainerItemProxy section */
		445D44951B03818A00FE9423 /* PBXContainerItemProxy */ = {
			isa = PBXContainerItemProxy;
			containerPortal = 445D44731B03818A00FE9423 /* Project object */;
			proxyType = 1;
			remoteGlobalIDString = 445D447A1B03818A00FE9423;
			remoteInfo = TableMaster;
		};
/* End PBXContainerItemProxy section */

/* Begin PBXFileReference section */
		445D447B1B03818A00FE9423 /* TableMaster.app */ = {isa = PBXFileReference; explicitFileType = wrapper.application; includeInIndex = 0; path = TableMaster.app; sourceTree = BUILT_PRODUCTS_DIR; };
		445D447F1B03818A00FE9423 /* Info.plist */ = {isa = PBXFileReference; lastKnownFileType = text.plist.xml; path = Info.plist; sourceTree = "<group>"; };
		445D44801B03818A00FE9423 /* main.m */ = {isa = PBXFileReference; lastKnownFileType = sourcecode.c.objc; path = main.m; sourceTree = "<group>"; };
		445D44821B03818A00FE9423 /* AppDelegate.h */ = {isa = PBXFileReference; lastKnownFileType = sourcecode.c.h; path = AppDelegate.h; sourceTree = "<group>"; };
		445D44831B03818A00FE9423 /* AppDelegate.m */ = {isa = PBXFileReference; lastKnownFileType = sourcecode.c.objc; path = AppDelegate.m; sourceTree = "<group>"; };
		445D44851B03818A00FE9423 /* ViewController.h */ = {isa = PBXFileReference; lastKnownFileType = sourcecode.c.h; path = ViewController.h; sourceTree = "<group>"; };
		445D44861B03818A00FE9423 /* ViewController.m */ = {isa = PBXFileReference; lastKnownFileType = sourcecode.c.objc; path = ViewController.m; sourceTree = "<group>"; };
		445D44891B03818A00FE9423 /* Base */ = {isa = PBXFileReference; lastKnownFileType = file.storyboard; name = Base; path = Base.lproj/Main.storyboard; sourceTree = "<group>"; };
		445D448B1B03818A00FE9423 /* Images.xcassets */ = {isa = PBXFileReference; lastKnownFileType = folder.assetcatalog; path = Images.xcassets; sourceTree = "<group>"; };
		445D448E1B03818A00FE9423 /* Base */ = {isa = PBXFileReference; lastKnownFileType = file.xib; name = Base; path = Base.lproj/LaunchScreen.xib; sourceTree = "<group>"; };
		445D44941B03818A00FE9423 /* TableMasterTests.xctest */ = {isa = PBXFileReference; explicitFileType = wrapper.cfbundle; includeInIndex = 0; path = TableMasterTests.xctest; sourceTree = BUILT_PRODUCTS_DIR; };
		445D44991B03818A00FE9423 /* Info.plist */ = {isa = PBXFileReference; lastKnownFileType = text.plist.xml; path = Info.plist; sourceTree = "<group>"; };
		445D449A1B03818A00FE9423 /* TableMasterTests.m */ = {isa = PBXFileReference; lastKnownFileType = sourcecode.c.objc; path = TableMasterTests.m; sourceTree = "<group>"; };
		445D44D61B039C5800FE9423 /* Simpsons.plist */ = {isa = PBXFileReference; fileEncoding = 4; lastKnownFileType = text.plist.xml; path = Simpsons.plist; sourceTree = "<group>"; };
		445D44D81B039D3000FE9423 /* Simpson.h */ = {isa = PBXFileReference; fileEncoding = 4; lastKnownFileType = sourcecode.c.h; path = Simpson.h; sourceTree = "<group>"; };
		445D44D91B039D3000FE9423 /* Simpson.m */ = {isa = PBXFileReference; fileEncoding = 4; lastKnownFileType = sourcecode.c.objc; path = Simpson.m; sourceTree = "<group>"; };
		445D44DB1B03A80C00FE9423 /* PhotoViewController.h */ = {isa = PBXFileReference; fileEncoding = 4; lastKnownFileType = sourcecode.c.h; path = PhotoViewController.h; sourceTree = "<group>"; };
		445D44DC1B03A80C00FE9423 /* PhotoViewController.m */ = {isa = PBXFileReference; fileEncoding = 4; lastKnownFileType = sourcecode.c.objc; path = PhotoViewController.m; sourceTree = "<group>"; };
/* End PBXFileReference section */

/* Begin PBXFrameworksBuildPhase section */
		445D44781B03818A00FE9423 /* Frameworks */ = {
			isa = PBXFrameworksBuildPhase;
			buildActionMask = 2147483647;
			files = (
			);
			runOnlyForDeploymentPostprocessing = 0;
		};
		445D44911B03818A00FE9423 /* Frameworks */ = {
			isa = PBXFrameworksBuildPhase;
			buildActionMask = 2147483647;
			files = (
			);
			runOnlyForDeploymentPostprocessing = 0;
		};
/* End PBXFrameworksBuildPhase section */

/* Begin PBXGroup section */
		445D44721B03818A00FE9423 = {
			isa = PBXGroup;
			children = (
				445D447D1B03818A00FE9423 /* TableMaster */,
				445D44971B03818A00FE9423 /* TableMasterTests */,
				445D447C1B03818A00FE9423 /* Products */,
			);
			sourceTree = "<group>";
		};
		445D447C1B03818A00FE9423 /* Products */ = {
			isa = PBXGroup;
			children = (
				445D447B1B03818A00FE9423 /* TableMaster.app */,
				445D44941B03818A00FE9423 /* TableMasterTests.xctest */,
			);
			name = Products;
			sourceTree = "<group>";
		};
		445D447D1B03818A00FE9423 /* TableMaster */ = {
			isa = PBXGroup;
			children = (
				445D44821B03818A00FE9423 /* AppDelegate.h */,
				445D44831B03818A00FE9423 /* AppDelegate.m */,
				445D44851B03818A00FE9423 /* ViewController.h */,
				445D44861B03818A00FE9423 /* ViewController.m */,
				445D44881B03818A00FE9423 /* Main.storyboard */,
				445D44DB1B03A80C00FE9423 /* PhotoViewController.h */,
				445D44DC1B03A80C00FE9423 /* PhotoViewController.m */,
				445D44D61B039C5800FE9423 /* Simpsons.plist */,
				445D44D81B039D3000FE9423 /* Simpson.h */,
				445D44D91B039D3000FE9423 /* Simpson.m */,
				445D448B1B03818A00FE9423 /* Images.xcassets */,
				445D448D1B03818A00FE9423 /* LaunchScreen.xib */,
				445D447E1B03818A00FE9423 /* Supporting Files */,
			);
			path = TableMaster;
			sourceTree = "<group>";
		};
		445D447E1B03818A00FE9423 /* Supporting Files */ = {
			isa = PBXGroup;
			children = (
				445D447F1B03818A00FE9423 /* Info.plist */,
				445D44801B03818A00FE9423 /* main.m */,
			);
			name = "Supporting Files";
			sourceTree = "<group>";
		};
		445D44971B03818A00FE9423 /* TableMasterTests */ = {
			isa = PBXGroup;
			children = (
				445D449A1B03818A00FE9423 /* TableMasterTests.m */,
				445D44981B03818A00FE9423 /* Supporting Files */,
			);
			path = TableMasterTests;
			sourceTree = "<group>";
		};
		445D44981B03818A00FE9423 /* Supporting Files */ = {
			isa = PBXGroup;
			children = (
				445D44991B03818A00FE9423 /* Info.plist */,
			);
			name = "Supporting Files";
			sourceTree = "<group>";
		};
/* End PBXGroup section */

/* Begin PBXNativeTarget section */
		445D447A1B03818A00FE9423 /* TableMaster */ = {
			isa = PBXNativeTarget;
			buildConfigurationList = 445D449E1B03818A00FE9423 /* Build configuration list for PBXNativeTarget "TableMaster" */;
			buildPhases = (
				445D44771B03818A00FE9423 /* Sources */,
				445D44781B03818A00FE9423 /* Frameworks */,
				445D44791B03818A00FE9423 /* Resources */,
			);
			buildRules = (
			);
			dependencies = (
			);
			name = TableMaster;
			productName = TableMaster;
			productReference = 445D447B1B03818A00FE9423 /* TableMaster.app */;
			productType = "com.apple.product-type.application";
		};
		445D44931B03818A00FE9423 /* TableMasterTests */ = {
			isa = PBXNativeTarget;
			buildConfigurationList = 445D44A11B03818A00FE9423 /* Build configuration list for PBXNativeTarget "TableMasterTests" */;
			buildPhases = (
				445D44901B03818A00FE9423 /* Sources */,
				445D44911B03818A00FE9423 /* Frameworks */,
				445D44921B03818A00FE9423 /* Resources */,
			);
			buildRules = (
			);
			dependencies = (
				445D44961B03818A00FE9423 /* PBXTargetDependency */,
			);
			name = TableMasterTests;
			productName = TableMasterTests;
			productReference = 445D44941B03818A00FE9423 /* TableMasterTests.xctest */;
			productType = "com.apple.product-type.bundle.unit-test";
		};
/* End PBXNativeTarget section */

/* Begin PBXProject section */
		445D44731B03818A00FE9423 /* Project object */ = {
			isa = PBXProject;
			attributes = {
				LastUpgradeCheck = 0630;
				ORGANIZATIONNAME = anand;
				TargetAttributes = {
					445D447A1B03818A00FE9423 = {
						CreatedOnToolsVersion = 6.3.1;
					};
					445D44931B03818A00FE9423 = {
						CreatedOnToolsVersion = 6.3.1;
						TestTargetID = 445D447A1B03818A00FE9423;
					};
				};
			};
			buildConfigurationList = 445D44761B03818A00FE9423 /* Build configuration list for PBXProject "TableMaster" */;
			compatibilityVersion = "Xcode 3.2";
			developmentRegion = English;
			hasScannedForEncodings = 0;
			knownRegions = (
				en,
				Base,
			);
			mainGroup = 445D44721B03818A00FE9423;
			productRefGroup = 445D447C1B03818A00FE9423 /* Products */;
			projectDirPath = "";
			projectRoot = "";
			targets = (
				445D447A1B03818A00FE9423 /* TableMaster */,
				445D44931B03818A00FE9423 /* TableMasterTests */,
			);
		};
/* End PBXProject section */

/* Begin PBXResourcesBuildPhase section */
		445D44791B03818A00FE9423 /* Resources */ = {
			isa = PBXResourcesBuildPhase;
			buildActionMask = 2147483647;
			files = (
				445D44D71B039C5800FE9423 /* Simpsons.plist in Resources */,
				445D448A1B03818A00FE9423 /* Main.storyboard in Resources */,
				445D448F1B03818A00FE9423 /* LaunchScreen.xib in Resources */,
				445D448C1B03818A00FE9423 /* Images.xcassets in Resources */,
			);
			runOnlyForDeploymentPostprocessing = 0;
		};
		445D44921B03818A00FE9423 /* Resources */ = {
			isa = PBXResourcesBuildPhase;
			buildActionMask = 2147483647;
			files = (
			);
			runOnlyForDeploymentPostprocessing = 0;
		};
/* End PBXResourcesBuildPhase section */

/* Begin PBXSourcesBuildPhase section */
		445D44771B03818A00FE9423 /* Sources */ = {
			isa = PBXSourcesBuildPhase;
			buildActionMask = 2147483647;
			files = (
				445D44871B03818A00FE9423 /* ViewController.m in Sources */,
				445D44DA1B039D3000FE9423 /* Simpson.m in Sources */,
				445D44841B03818A00FE9423 /* AppDelegate.m in Sources */,
				445D44811B03818A00FE9423 /* main.m in Sources */,
				445D44DD1B03A80C00FE9423 /* PhotoViewController.m in Sources */,
			);
			runOnlyForDeploymentPostprocessing = 0;
		};
		445D44901B03818A00FE9423 /* Sources */ = {
			isa = PBXSourcesBuildPhase;
			buildActionMask = 2147483647;
			files = (
				445D449B1B03818A00FE9423 /* TableMasterTests.m in Sources */,
			);
			runOnlyForDeploymentPostprocessing = 0;
		};
/* End PBXSourcesBuildPhase section */

/* Begin PBXTargetDependency section */
		445D44961B03818A00FE9423 /* PBXTargetDependency */ = {
			isa = PBXTargetDependency;
			target = 445D447A1B03818A00FE9423 /* TableMaster */;
			targetProxy = 445D44951B03818A00FE9423 /* PBXContainerItemProxy */;
		};
/* End PBXTargetDependency section */

/* Begin PBXVariantGroup section */
		445D44881B03818A00FE9423 /* Main.storyboard */ = {
			isa = PBXVariantGroup;
			children = (
				445D44891B03818A00FE9423 /* Base */,
			);
			name = Main.storyboard;
			sourceTree = "<group>";
		};
		445D448D1B03818A00FE9423 /* LaunchScreen.xib */ = {
			isa = PBXVariantGroup;
			children = (
				445D448E1B03818A00FE9423 /* Base */,
			);
			name = LaunchScreen.xib;
			sourceTree = "<group>";
		};
/* End PBXVariantGroup section */

/* Begin XCBuildConfiguration section */
		445D449C1B03818A00FE9423 /* Debug */ = {
			isa = XCBuildConfiguration;
			buildSettings = {
				ALWAYS_SEARCH_USER_PATHS = NO;
				CLANG_CXX_LANGUAGE_STANDARD = "gnu++0x";
				CLANG_CXX_LIBRARY = "libc++";
				CLANG_ENABLE_MODULES = YES;
				CLANG_ENABLE_OBJC_ARC = YES;
				CLANG_WARN_BOOL_CONVERSION = YES;
				CLANG_WARN_CONSTANT_CONVERSION = YES;
				CLANG_WARN_DIRECT_OBJC_ISA_USAGE = YES_ERROR;
				CLANG_WARN_EMPTY_BODY = YES;
				CLANG_WARN_ENUM_CONVERSION = YES;
				CLANG_WARN_INT_CONVERSION = YES;
				CLANG_WARN_OBJC_ROOT_CLASS = YES_ERROR;
				CLANG_WARN_UNREACHABLE_CODE = YES;
				CLANG_WARN__DUPLICATE_METHOD_MATCH = YES;
				"CODE_SIGN_IDENTITY[sdk=iphoneos*]" = "iPhone Developer";
				COPY_PHASE_STRIP = NO;
				DEBUG_INFORMATION_FORMAT = "dwarf-with-dsym";
				ENABLE_STRICT_OBJC_MSGSEND = YES;
				GCC_C_LANGUAGE_STANDARD = gnu99;
				GCC_DYNAMIC_NO_PIC = NO;
				GCC_NO_COMMON_BLOCKS = YES;
				GCC_OPTIMIZATION_LEVEL = 0;
				GCC_PREPROCESSOR_DEFINITIONS = (
					"DEBUG=1",
					"$(inherited)",
				);
				GCC_SYMBOLS_PRIVATE_EXTERN = NO;
				GCC_WARN_64_TO_32_BIT_CONVERSION = YES;
				GCC_WARN_ABOUT_RETURN_TYPE = YES_ERROR;
				GCC_WARN_UNDECLARED_SELECTOR = YES;
				GCC_WARN_UNINITIALIZED_AUTOS = YES_AGGRESSIVE;
				GCC_WARN_UNUSED_FUNCTION = YES;
				GCC_WARN_UNUSED_VARIABLE = YES;
				IPHONEOS_DEPLOYMENT_TARGET = 8.3;
				MTL_ENABLE_DEBUG_INFO = YES;
				ONLY_ACTIVE_ARCH = YES;
				SDKROOT = iphoneos;
			};
			name = Debug;
		};
		445D449D1B03818A00FE9423 /* Release */ = {
			isa = XCBuildConfiguration;
			buildSettings = {
				ALWAYS_SEARCH_USER_PATHS = NO;
				CLANG_CXX_LANGUAGE_STANDARD = "gnu++0x";
				CLANG_CXX_LIBRARY = "libc++";
				CLANG_ENABLE_MODULES = YES;
				CLANG_ENABLE_OBJC_ARC = YES;
				CLANG_WARN_BOOL_CONVERSION = YES;
				CLANG_WARN_CONSTANT_CONVERSION = YES;
				CLANG_WARN_DIRECT_OBJC_ISA_USAGE = YES_ERROR;
				CLANG_WARN_EMPTY_BODY = YES;
				CLANG_WARN_ENUM_CONVERSION = YES;
				CLANG_WARN_INT_CONVERSION = YES;
				CLANG_WARN_OBJC_ROOT_CLASS = YES_ERROR;
				CLANG_WARN_UNREACHABLE_CODE = YES;
				CLANG_WARN__DUPLICATE_METHOD_MATCH = YES;
				"CODE_SIGN_IDENTITY[sdk=iphoneos*]" = "iPhone Developer";
				COPY_PHASE_STRIP = NO;
				DEBUG_INFORMATION_FORMAT = "dwarf-with-dsym";
				ENABLE_NS_ASSERTIONS = NO;
				ENABLE_STRICT_OBJC_MSGSEND = YES;
				GCC_C_LANGUAGE_STANDARD = gnu99;
				GCC_NO_COMMON_BLOCKS = YES;
				GCC_WARN_64_TO_32_BIT_CONVERSION = YES;
				GCC_WARN_ABOUT_RETURN_TYPE = YES_ERROR;
				GCC_WARN_UNDECLARED_SELECTOR = YES;
				GCC_WARN_UNINITIALIZED_AUTOS = YES_AGGRESSIVE;
				GCC_WARN_UNUSED_FUNCTION = YES;
				GCC_WARN_UNUSED_VARIABLE = YES;
				IPHONEOS_DEPLOYMENT_TARGET = 8.3;
				MTL_ENABLE_DEBUG_INFO = NO;
				SDKROOT = iphoneos;
				VALIDATE_PRODUCT = YES;
			};
			name = Release;
		};
		445D449F1B03818A00FE9423 /* Debug */ = {
			isa = XCBuildConfiguration;
			buildSettings = {
				ASSETCATALOG_COMPILER_APPICON_NAME = AppIcon;
				INFOPLIST_FILE = TableMaster/Info.plist;
				LD_RUNPATH_SEARCH_PATHS = "$(inherited) @executable_path/Frameworks";
				PRODUCT_NAME = "$(TARGET_NAME)";
			};
			name = Debug;
		};
		445D44A01B03818A00FE9423 /* Release */ = {
			isa = XCBuildConfiguration;
			buildSettings = {
				ASSETCATALOG_COMPILER_APPICON_NAME = AppIcon;
				INFOPLIST_FILE = TableMaster/Info.plist;
				LD_RUNPATH_SEARCH_PATHS = "$(inherited) @executable_path/Frameworks";
				PRODUCT_NAME = "$(TARGET_NAME)";
			};
			name = Release;
		};
		445D44A21B03818A00FE9423 /* Debug */ = {
			isa = XCBuildConfiguration;
			buildSettings = {
				BUNDLE_LOADER = "$(TEST_HOST)";
				FRAMEWORK_SEARCH_PATHS = (
					"$(SDKROOT)/Developer/Library/Frameworks",
					"$(inherited)",
				);
				GCC_PREPROCESSOR_DEFINITIONS = (
					"DEBUG=1",
					"$(inherited)",
				);
				INFOPLIST_FILE = TableMasterTests/Info.plist;
				LD_RUNPATH_SEARCH_PATHS = "$(inherited) @executable_path/Frameworks @loader_path/Frameworks";
				PRODUCT_NAME = "$(TARGET_NAME)";
				TEST_HOST = "$(BUILT_PRODUCTS_DIR)/TableMaster.app/TableMaster";
			};
			name = Debug;
		};
		445D44A31B03818A00FE9423 /* Release */ = {
			isa = XCBuildConfiguration;
			buildSettings = {
				BUNDLE_LOADER = "$(TEST_HOST)";
				FRAMEWORK_SEARCH_PATHS = (
					"$(SDKROOT)/Developer/Library/Frameworks",
					"$(inherited)",
				);
				INFOPLIST_FILE = TableMasterTests/Info.plist;
				LD_RUNPATH_SEARCH_PATHS = "$(inherited) @executable_path/Frameworks @loader_path/Frameworks";
				PRODUCT_NAME = "$(TARGET_NAME)";
				TEST_HOST = "$(BUILT_PRODUCTS_DIR)/TableMaster.app/TableMaster";
			};
			name = Release;
		};
/* End XCBuildConfiguration section */

/* Begin XCConfigurationList section */
		445D44761B03818A00FE9423 /* Build configuration list for PBXProject "TableMaster" */ = {
			isa = XCConfigurationList;
			buildConfigurations = (
				445D449C1B03818A00FE9423 /* Debug */,
				445D449D1B03818A00FE9423 /* Release */,
			);
			defaultConfigurationIsVisible = 0;
			defaultConfigurationName = Release;
		};
		445D449E1B03818A00FE9423 /* Build configuration list for PBXNativeTarget "TableMaster" */ = {
			isa = XCConfigurationList;
			buildConfigurations = (
				445D449F1B03818A00FE9423 /* Debug */,
				445D44A01B03818A00FE9423 /* Release */,
			);
			defaultConfigurationIsVisible = 0;
		};
		445D44A11B03818A00FE9423 /* Build configuration list for PBXNativeTarget "TableMasterTests" */ = {
			isa = XCConfigurationList;
			buildConfigurations = (
				445D44A21B03818A00FE9423 /* Debug */,
				445D44A31B03818A00FE9423 /* Release */,
			);
			defaultConfigurationIsVisible = 0;
		};
/* End XCConfigurationList section */
	};
	rootObject = 445D44731B03818A00FE9423 /* Project object */;
}
