// !$*UTF8*$!
{
	archiveVersion = 1;
	classes = {
	};
	objectVersion = 46;
	objects = {

/* Begin PBXBuildFile section */
		445D434D1B011C2100FE9423 /* main.m in Sources */ = {isa = PBXBuildFile; fileRef = 445D434C1B011C2100FE9423 /* main.m */; };
		445D43501B011C2100FE9423 /* AppDelegate.m in Sources */ = {isa = PBXBuildFile; fileRef = 445D434F1B011C2100FE9423 /* AppDelegate.m */; };
		445D43531B011C2100FE9423 /* ViewController.m in Sources */ = {isa = PBXBuildFile; fileRef = 445D43521B011C2100FE9423 /* ViewController.m */; };
		445D43561B011C2100FE9423 /* Main.storyboard in Resources */ = {isa = PBXBuildFile; fileRef = 445D43541B011C2100FE9423 /* Main.storyboard */; };
		445D43581B011C2100FE9423 /* Images.xcassets in Resources */ = {isa = PBXBuildFile; fileRef = 445D43571B011C2100FE9423 /* Images.xcassets */; };
		445D435B1B011C2100FE9423 /* LaunchScreen.xib in Resources */ = {isa = PBXBuildFile; fileRef = 445D43591B011C2100FE9423 /* LaunchScreen.xib */; };
		445D43671B011C2100FE9423 /* TrafficLightVersion2Tests.m in Sources */ = {isa = PBXBuildFile; fileRef = 445D43661B011C2100FE9423 /* TrafficLightVersion2Tests.m */; };
		445D43721B011C3400FE9423 /* DetailViewController.m in Sources */ = {isa = PBXBuildFile; fileRef = 445D43711B011C3400FE9423 /* DetailViewController.m */; };
		445D43751B011E4300FE9423 /* TrafficLightModel.m in Sources */ = {isa = PBXBuildFile; fileRef = 445D43741B011E4300FE9423 /* TrafficLightModel.m */; };
		445D43781B011E5900FE9423 /* LightView.m in Sources */ = {isa = PBXBuildFile; fileRef = 445D43771B011E5900FE9423 /* LightView.m */; };
/* End PBXBuildFile section */

/* Begin PBXContainerItemProxy section */
		445D43611B011C2100FE9423 /* PBXContainerItemProxy */ = {
			isa = PBXContainerItemProxy;
			containerPortal = 445D433F1B011C2100FE9423 /* Project object */;
			proxyType = 1;
			remoteGlobalIDString = 445D43461B011C2100FE9423;
			remoteInfo = TrafficLightVersion2;
		};
/* End PBXContainerItemProxy section */

/* Begin PBXFileReference section */
		445D43471B011C2100FE9423 /* TrafficLightVersion2.app */ = {isa = PBXFileReference; explicitFileType = wrapper.application; includeInIndex = 0; path = TrafficLightVersion2.app; sourceTree = BUILT_PRODUCTS_DIR; };
		445D434B1B011C2100FE9423 /* Info.plist */ = {isa = PBXFileReference; lastKnownFileType = text.plist.xml; path = Info.plist; sourceTree = "<group>"; };
		445D434C1B011C2100FE9423 /* main.m */ = {isa = PBXFileReference; lastKnownFileType = sourcecode.c.objc; path = main.m; sourceTree = "<group>"; };
		445D434E1B011C2100FE9423 /* AppDelegate.h */ = {isa = PBXFileReference; lastKnownFileType = sourcecode.c.h; path = AppDelegate.h; sourceTree = "<group>"; };
		445D434F1B011C2100FE9423 /* AppDelegate.m */ = {isa = PBXFileReference; lastKnownFileType = sourcecode.c.objc; path = AppDelegate.m; sourceTree = "<group>"; };
		445D43511B011C2100FE9423 /* ViewController.h */ = {isa = PBXFileReference; lastKnownFileType = sourcecode.c.h; path = ViewController.h; sourceTree = "<group>"; };
		445D43521B011C2100FE9423 /* ViewController.m */ = {isa = PBXFileReference; lastKnownFileType = sourcecode.c.objc; path = ViewController.m; sourceTree = "<group>"; };
		445D43551B011C2100FE9423 /* Base */ = {isa = PBXFileReference; lastKnownFileType = file.storyboard; name = Base; path = Base.lproj/Main.storyboard; sourceTree = "<group>"; };
		445D43571B011C2100FE9423 /* Images.xcassets */ = {isa = PBXFileReference; lastKnownFileType = folder.assetcatalog; path = Images.xcassets; sourceTree = "<group>"; };
		445D435A1B011C2100FE9423 /* Base */ = {isa = PBXFileReference; lastKnownFileType = file.xib; name = Base; path = Base.lproj/LaunchScreen.xib; sourceTree = "<group>"; };
		445D43601B011C2100FE9423 /* TrafficLightVersion2Tests.xctest */ = {isa = PBXFileReference; explicitFileType = wrapper.cfbundle; includeInIndex = 0; path = TrafficLightVersion2Tests.xctest; sourceTree = BUILT_PRODUCTS_DIR; };
		445D43651B011C2100FE9423 /* Info.plist */ = {isa = PBXFileReference; lastKnownFileType = text.plist.xml; path = Info.plist; sourceTree = "<group>"; };
		445D43661B011C2100FE9423 /* TrafficLightVersion2Tests.m */ = {isa = PBXFileReference; lastKnownFileType = sourcecode.c.objc; path = TrafficLightVersion2Tests.m; sourceTree = "<group>"; };
		445D43701B011C3400FE9423 /* DetailViewController.h */ = {isa = PBXFileReference; fileEncoding = 4; lastKnownFileType = sourcecode.c.h; name = DetailViewController.h; path = ../DetailViewController.h; sourceTree = "<group>"; };
		445D43711B011C3400FE9423 /* DetailViewController.m */ = {isa = PBXFileReference; fileEncoding = 4; lastKnownFileType = sourcecode.c.objc; name = DetailViewController.m; path = ../DetailViewController.m; sourceTree = "<group>"; };
		445D43731B011E4300FE9423 /* TrafficLightModel.h */ = {isa = PBXFileReference; fileEncoding = 4; lastKnownFileType = sourcecode.c.h; path = TrafficLightModel.h; sourceTree = "<group>"; };
		445D43741B011E4300FE9423 /* TrafficLightModel.m */ = {isa = PBXFileReference; fileEncoding = 4; lastKnownFileType = sourcecode.c.objc; path = TrafficLightModel.m; sourceTree = "<group>"; };
		445D43761B011E5900FE9423 /* LightView.h */ = {isa = PBXFileReference; fileEncoding = 4; lastKnownFileType = sourcecode.c.h; path = LightView.h; sourceTree = "<group>"; };
		445D43771B011E5900FE9423 /* LightView.m */ = {isa = PBXFileReference; fileEncoding = 4; lastKnownFileType = sourcecode.c.objc; path = LightView.m; sourceTree = "<group>"; };
/* End PBXFileReference section */

/* Begin PBXFrameworksBuildPhase section */
		445D43441B011C2100FE9423 /* Frameworks */ = {
			isa = PBXFrameworksBuildPhase;
			buildActionMask = 2147483647;
			files = (
			);
			runOnlyForDeploymentPostprocessing = 0;
		};
		445D435D1B011C2100FE9423 /* Frameworks */ = {
			isa = PBXFrameworksBuildPhase;
			buildActionMask = 2147483647;
			files = (
			);
			runOnlyForDeploymentPostprocessing = 0;
		};
/* End PBXFrameworksBuildPhase section */

/* Begin PBXGroup section */
		445D433E1B011C2100FE9423 = {
			isa = PBXGroup;
			children = (
				445D43491B011C2100FE9423 /* TrafficLightVersion2 */,
				445D43631B011C2100FE9423 /* TrafficLightVersion2Tests */,
				445D43481B011C2100FE9423 /* Products */,
			);
			sourceTree = "<group>";
		};
		445D43481B011C2100FE9423 /* Products */ = {
			isa = PBXGroup;
			children = (
				445D43471B011C2100FE9423 /* TrafficLightVersion2.app */,
				445D43601B011C2100FE9423 /* TrafficLightVersion2Tests.xctest */,
			);
			name = Products;
			sourceTree = "<group>";
		};
		445D43491B011C2100FE9423 /* TrafficLightVersion2 */ = {
			isa = PBXGroup;
			children = (
				445D434E1B011C2100FE9423 /* AppDelegate.h */,
				445D434F1B011C2100FE9423 /* AppDelegate.m */,
				445D43541B011C2100FE9423 /* Main.storyboard */,
				445D437B1B011F3700FE9423 /* Controller */,
				445D437A1B011F2E00FE9423 /* View */,
				445D43791B011F2200FE9423 /* Model */,
				445D43571B011C2100FE9423 /* Images.xcassets */,
				445D43591B011C2100FE9423 /* LaunchScreen.xib */,
				445D434A1B011C2100FE9423 /* Supporting Files */,
			);
			path = TrafficLightVersion2;
			sourceTree = "<group>";
		};
		445D434A1B011C2100FE9423 /* Supporting Files */ = {
			isa = PBXGroup;
			children = (
				445D434B1B011C2100FE9423 /* Info.plist */,
				445D434C1B011C2100FE9423 /* main.m */,
			);
			name = "Supporting Files";
			sourceTree = "<group>";
		};
		445D43631B011C2100FE9423 /* TrafficLightVersion2Tests */ = {
			isa = PBXGroup;
			children = (
				445D43661B011C2100FE9423 /* TrafficLightVersion2Tests.m */,
				445D43641B011C2100FE9423 /* Supporting Files */,
			);
			path = TrafficLightVersion2Tests;
			sourceTree = "<group>";
		};
		445D43641B011C2100FE9423 /* Supporting Files */ = {
			isa = PBXGroup;
			children = (
				445D43651B011C2100FE9423 /* Info.plist */,
			);
			name = "Supporting Files";
			sourceTree = "<group>";
		};
		445D43791B011F2200FE9423 /* Model */ = {
			isa = PBXGroup;
			children = (
				445D43731B011E4300FE9423 /* TrafficLightModel.h */,
				445D43741B011E4300FE9423 /* TrafficLightModel.m */,
			);
			name = Model;
			sourceTree = "<group>";
		};
		445D437A1B011F2E00FE9423 /* View */ = {
			isa = PBXGroup;
			children = (
				445D43761B011E5900FE9423 /* LightView.h */,
				445D43771B011E5900FE9423 /* LightView.m */,
			);
			name = View;
			sourceTree = "<group>";
		};
		445D437B1B011F3700FE9423 /* Controller */ = {
			isa = PBXGroup;
			children = (
				445D43511B011C2100FE9423 /* ViewController.h */,
				445D43521B011C2100FE9423 /* ViewController.m */,
				445D43701B011C3400FE9423 /* DetailViewController.h */,
				445D43711B011C3400FE9423 /* DetailViewController.m */,
			);
			name = Controller;
			sourceTree = "<group>";
		};
/* End PBXGroup section */

/* Begin PBXNativeTarget section */
		445D43461B011C2100FE9423 /* TrafficLightVersion2 */ = {
			isa = PBXNativeTarget;
			buildConfigurationList = 445D436A1B011C2100FE9423 /* Build configuration list for PBXNativeTarget "TrafficLightVersion2" */;
			buildPhases = (
				445D43431B011C2100FE9423 /* Sources */,
				445D43441B011C2100FE9423 /* Frameworks */,
				445D43451B011C2100FE9423 /* Resources */,
			);
			buildRules = (
			);
			dependencies = (
			);
			name = TrafficLightVersion2;
			productName = TrafficLightVersion2;
			productReference = 445D43471B011C2100FE9423 /* TrafficLightVersion2.app */;
			productType = "com.apple.product-type.application";
		};
		445D435F1B011C2100FE9423 /* TrafficLightVersion2Tests */ = {
			isa = PBXNativeTarget;
			buildConfigurationList = 445D436D1B011C2100FE9423 /* Build configuration list for PBXNativeTarget "TrafficLightVersion2Tests" */;
			buildPhases = (
				445D435C1B011C2100FE9423 /* Sources */,
				445D435D1B011C2100FE9423 /* Frameworks */,
				445D435E1B011C2100FE9423 /* Resources */,
			);
			buildRules = (
			);
			dependencies = (
				445D43621B011C2100FE9423 /* PBXTargetDependency */,
			);
			name = TrafficLightVersion2Tests;
			productName = TrafficLightVersion2Tests;
			productReference = 445D43601B011C2100FE9423 /* TrafficLightVersion2Tests.xctest */;
			productType = "com.apple.product-type.bundle.unit-test";
		};
/* End PBXNativeTarget section */

/* Begin PBXProject section */
		445D433F1B011C2100FE9423 /* Project object */ = {
			isa = PBXProject;
			attributes = {
				LastUpgradeCheck = 0630;
				ORGANIZATIONNAME = anand;
				TargetAttributes = {
					445D43461B011C2100FE9423 = {
						CreatedOnToolsVersion = 6.3.1;
					};
					445D435F1B011C2100FE9423 = {
						CreatedOnToolsVersion = 6.3.1;
						TestTargetID = 445D43461B011C2100FE9423;
					};
				};
			};
			buildConfigurationList = 445D43421B011C2100FE9423 /* Build configuration list for PBXProject "TrafficLightVersion2" */;
			compatibilityVersion = "Xcode 3.2";
			developmentRegion = English;
			hasScannedForEncodings = 0;
			knownRegions = (
				en,
				Base,
			);
			mainGroup = 445D433E1B011C2100FE9423;
			productRefGroup = 445D43481B011C2100FE9423 /* Products */;
			projectDirPath = "";
			projectRoot = "";
			targets = (
				445D43461B011C2100FE9423 /* TrafficLightVersion2 */,
				445D435F1B011C2100FE9423 /* TrafficLightVersion2Tests */,
			);
		};
/* End PBXProject section */

/* Begin PBXResourcesBuildPhase section */
		445D43451B011C2100FE9423 /* Resources */ = {
			isa = PBXResourcesBuildPhase;
			buildActionMask = 2147483647;
			files = (
				445D43561B011C2100FE9423 /* Main.storyboard in Resources */,
				445D435B1B011C2100FE9423 /* LaunchScreen.xib in Resources */,
				445D43581B011C2100FE9423 /* Images.xcassets in Resources */,
			);
			runOnlyForDeploymentPostprocessing = 0;
		};
		445D435E1B011C2100FE9423 /* Resources */ = {
			isa = PBXResourcesBuildPhase;
			buildActionMask = 2147483647;
			files = (
			);
			runOnlyForDeploymentPostprocessing = 0;
		};
/* End PBXResourcesBuildPhase section */

/* Begin PBXSourcesBuildPhase section */
		445D43431B011C2100FE9423 /* Sources */ = {
			isa = PBXSourcesBuildPhase;
			buildActionMask = 2147483647;
			files = (
				445D43531B011C2100FE9423 /* ViewController.m in Sources */,
				445D43501B011C2100FE9423 /* AppDelegate.m in Sources */,
				445D434D1B011C2100FE9423 /* main.m in Sources */,
				445D43781B011E5900FE9423 /* LightView.m in Sources */,
				445D43751B011E4300FE9423 /* TrafficLightModel.m in Sources */,
				445D43721B011C3400FE9423 /* DetailViewController.m in Sources */,
			);
			runOnlyForDeploymentPostprocessing = 0;
		};
		445D435C1B011C2100FE9423 /* Sources */ = {
			isa = PBXSourcesBuildPhase;
			buildActionMask = 2147483647;
			files = (
				445D43671B011C2100FE9423 /* TrafficLightVersion2Tests.m in Sources */,
			);
			runOnlyForDeploymentPostprocessing = 0;
		};
/* End PBXSourcesBuildPhase section */

/* Begin PBXTargetDependency section */
		445D43621B011C2100FE9423 /* PBXTargetDependency */ = {
			isa = PBXTargetDependency;
			target = 445D43461B011C2100FE9423 /* TrafficLightVersion2 */;
			targetProxy = 445D43611B011C2100FE9423 /* PBXContainerItemProxy */;
		};
/* End PBXTargetDependency section */

/* Begin PBXVariantGroup section */
		445D43541B011C2100FE9423 /* Main.storyboard */ = {
			isa = PBXVariantGroup;
			children = (
				445D43551B011C2100FE9423 /* Base */,
			);
			name = Main.storyboard;
			sourceTree = "<group>";
		};
		445D43591B011C2100FE9423 /* LaunchScreen.xib */ = {
			isa = PBXVariantGroup;
			children = (
				445D435A1B011C2100FE9423 /* Base */,
			);
			name = LaunchScreen.xib;
			sourceTree = "<group>";
		};
/* End PBXVariantGroup section */

/* Begin XCBuildConfiguration section */
		445D43681B011C2100FE9423 /* Debug */ = {
			isa = XCBuildConfiguration;
			buildSettings = {
				ALWAYS_SEARCH_USER_PATHS = NO;
				CLANG_CXX_LANGUAGE_STANDARD = "gnu++0x";
				CLANG_CXX_LIBRARY = "libc++";
				CLANG_ENABLE_MODULES = YES;
				CLANG_ENABLE_OBJC_ARC = YES;
				CLANG_WARN_BOOL_CONVERSION = YES;
				CLANG_WARN_CONSTANT_CONVERSION = YES;
				CLANG_WARN_DIRECT_OBJC_ISA_USAGE = YES_ERROR;
				CLANG_WARN_EMPTY_BODY = YES;
				CLANG_WARN_ENUM_CONVERSION = YES;
				CLANG_WARN_INT_CONVERSION = YES;
				CLANG_WARN_OBJC_ROOT_CLASS = YES_ERROR;
				CLANG_WARN_UNREACHABLE_CODE = YES;
				CLANG_WARN__DUPLICATE_METHOD_MATCH = YES;
				"CODE_SIGN_IDENTITY[sdk=iphoneos*]" = "iPhone Developer";
				COPY_PHASE_STRIP = NO;
				DEBUG_INFORMATION_FORMAT = "dwarf-with-dsym";
				ENABLE_STRICT_OBJC_MSGSEND = YES;
				GCC_C_LANGUAGE_STANDARD = gnu99;
				GCC_DYNAMIC_NO_PIC = NO;
				GCC_NO_COMMON_BLOCKS = YES;
				GCC_OPTIMIZATION_LEVEL = 0;
				GCC_PREPROCESSOR_DEFINITIONS = (
					"DEBUG=1",
					"$(inherited)",
				);
				GCC_SYMBOLS_PRIVATE_EXTERN = NO;
				GCC_WARN_64_TO_32_BIT_CONVERSION = YES;
				GCC_WARN_ABOUT_RETURN_TYPE = YES_ERROR;
				GCC_WARN_UNDECLARED_SELECTOR = YES;
				GCC_WARN_UNINITIALIZED_AUTOS = YES_AGGRESSIVE;
				GCC_WARN_UNUSED_FUNCTION = YES;
				GCC_WARN_UNUSED_VARIABLE = YES;
				IPHONEOS_DEPLOYMENT_TARGET = 8.3;
				MTL_ENABLE_DEBUG_INFO = YES;
				ONLY_ACTIVE_ARCH = YES;
				SDKROOT = iphoneos;
			};
			name = Debug;
		};
		445D43691B011C2100FE9423 /* Release */ = {
			isa = XCBuildConfiguration;
			buildSettings = {
				ALWAYS_SEARCH_USER_PATHS = NO;
				CLANG_CXX_LANGUAGE_STANDARD = "gnu++0x";
				CLANG_CXX_LIBRARY = "libc++";
				CLANG_ENABLE_MODULES = YES;
				CLANG_ENABLE_OBJC_ARC = YES;
				CLANG_WARN_BOOL_CONVERSION = YES;
				CLANG_WARN_CONSTANT_CONVERSION = YES;
				CLANG_WARN_DIRECT_OBJC_ISA_USAGE = YES_ERROR;
				CLANG_WARN_EMPTY_BODY = YES;
				CLANG_WARN_ENUM_CONVERSION = YES;
				CLANG_WARN_INT_CONVERSION = YES;
				CLANG_WARN_OBJC_ROOT_CLASS = YES_ERROR;
				CLANG_WARN_UNREACHABLE_CODE = YES;
				CLANG_WARN__DUPLICATE_METHOD_MATCH = YES;
				"CODE_SIGN_IDENTITY[sdk=iphoneos*]" = "iPhone Developer";
				COPY_PHASE_STRIP = NO;
				DEBUG_INFORMATION_FORMAT = "dwarf-with-dsym";
				ENABLE_NS_ASSERTIONS = NO;
				ENABLE_STRICT_OBJC_MSGSEND = YES;
				GCC_C_LANGUAGE_STANDARD = gnu99;
				GCC_NO_COMMON_BLOCKS = YES;
				GCC_WARN_64_TO_32_BIT_CONVERSION = YES;
				GCC_WARN_ABOUT_RETURN_TYPE = YES_ERROR;
				GCC_WARN_UNDECLARED_SELECTOR = YES;
				GCC_WARN_UNINITIALIZED_AUTOS = YES_AGGRESSIVE;
				GCC_WARN_UNUSED_FUNCTION = YES;
				GCC_WARN_UNUSED_VARIABLE = YES;
				IPHONEOS_DEPLOYMENT_TARGET = 8.3;
				MTL_ENABLE_DEBUG_INFO = NO;
				SDKROOT = iphoneos;
				VALIDATE_PRODUCT = YES;
			};
			name = Release;
		};
		445D436B1B011C2100FE9423 /* Debug */ = {
			isa = XCBuildConfiguration;
			buildSettings = {
				ASSETCATALOG_COMPILER_APPICON_NAME = AppIcon;
				INFOPLIST_FILE = TrafficLightVersion2/Info.plist;
				LD_RUNPATH_SEARCH_PATHS = "$(inherited) @executable_path/Frameworks";
				PRODUCT_NAME = "$(TARGET_NAME)";
			};
			name = Debug;
		};
		445D436C1B011C2100FE9423 /* Release */ = {
			isa = XCBuildConfiguration;
			buildSettings = {
				ASSETCATALOG_COMPILER_APPICON_NAME = AppIcon;
				INFOPLIST_FILE = TrafficLightVersion2/Info.plist;
				LD_RUNPATH_SEARCH_PATHS = "$(inherited) @executable_path/Frameworks";
				PRODUCT_NAME = "$(TARGET_NAME)";
			};
			name = Release;
		};
		445D436E1B011C2100FE9423 /* Debug */ = {
			isa = XCBuildConfiguration;
			buildSettings = {
				BUNDLE_LOADER = "$(TEST_HOST)";
				FRAMEWORK_SEARCH_PATHS = (
					"$(SDKROOT)/Developer/Library/Frameworks",
					"$(inherited)",
				);
				GCC_PREPROCESSOR_DEFINITIONS = (
					"DEBUG=1",
					"$(inherited)",
				);
				INFOPLIST_FILE = TrafficLightVersion2Tests/Info.plist;
				LD_RUNPATH_SEARCH_PATHS = "$(inherited) @executable_path/Frameworks @loader_path/Frameworks";
				PRODUCT_NAME = "$(TARGET_NAME)";
				TEST_HOST = "$(BUILT_PRODUCTS_DIR)/TrafficLightVersion2.app/TrafficLightVersion2";
			};
			name = Debug;
		};
		445D436F1B011C2100FE9423 /* Release */ = {
			isa = XCBuildConfiguration;
			buildSettings = {
				BUNDLE_LOADER = "$(TEST_HOST)";
				FRAMEWORK_SEARCH_PATHS = (
					"$(SDKROOT)/Developer/Library/Frameworks",
					"$(inherited)",
				);
				INFOPLIST_FILE = TrafficLightVersion2Tests/Info.plist;
				LD_RUNPATH_SEARCH_PATHS = "$(inherited) @executable_path/Frameworks @loader_path/Frameworks";
				PRODUCT_NAME = "$(TARGET_NAME)";
				TEST_HOST = "$(BUILT_PRODUCTS_DIR)/TrafficLightVersion2.app/TrafficLightVersion2";
			};
			name = Release;
		};
/* End XCBuildConfiguration section */

/* Begin XCConfigurationList section */
		445D43421B011C2100FE9423 /* Build configuration list for PBXProject "TrafficLightVersion2" */ = {
			isa = XCConfigurationList;
			buildConfigurations = (
				445D43681B011C2100FE9423 /* Debug */,
				445D43691B011C2100FE9423 /* Release */,
			);
			defaultConfigurationIsVisible = 0;
			defaultConfigurationName = Release;
		};
		445D436A1B011C2100FE9423 /* Build configuration list for PBXNativeTarget "TrafficLightVersion2" */ = {
			isa = XCConfigurationList;
			buildConfigurations = (
				445D436B1B011C2100FE9423 /* Debug */,
				445D436C1B011C2100FE9423 /* Release */,
			);
			defaultConfigurationIsVisible = 0;
		};
		445D436D1B011C2100FE9423 /* Build configuration list for PBXNativeTarget "TrafficLightVersion2Tests" */ = {
			isa = XCConfigurationList;
			buildConfigurations = (
				445D436E1B011C2100FE9423 /* Debug */,
				445D436F1B011C2100FE9423 /* Release */,
			);
			defaultConfigurationIsVisible = 0;
		};
/* End XCConfigurationList section */
	};
	rootObject = 445D433F1B011C2100FE9423 /* Project object */;
}
